
Microsoft Visual Studio Solution File, Format Version 12.00
# Visual Studio Version 16
VisualStudioVersion = 16.0.29020.237
MinimumVisualStudioVersion = 10.0.40219.1
Project("{9A19103F-16F7-4668-BE54-9A1E7A4F7556}") = "CoffeeFix.Console", "CoffeeFix.Console\CoffeeFix.Console.csproj", "{0AB44C90-AB26-44AA-84DD-22A58BD60742}"
EndProject
Global
	GlobalSection(SolutionConfigurationPlatforms) = preSolution
		Debug|Any CPU = Debug|Any CPU
		Release|Any CPU = Release|Any CPU
	EndGlobalSection
	GlobalSection(ProjectConfigurationPlatforms) = postSolution
		{0AB44C90-AB26-44AA-84DD-22A58BD60742}.Debug|Any CPU.ActiveCfg = Debug|Any CPU
		{0AB44C90-AB26-44AA-84DD-22A58BD60742}.Debug|Any CPU.Build.0 = Debug|Any CPU
		{0AB44C90-AB26-44AA-84DD-22A58BD60742}.Release|Any CPU.ActiveCfg = Release|Any CPU
		{0AB44C90-AB26-44AA-84DD-22A58BD60742}.Release|Any CPU.Build.0 = Release|Any CPU
	EndGlobalSection
	GlobalSection(SolutionProperties) = preSolution
		HideSolutionNode = FALSE
	EndGlobalSection
	GlobalSection(ExtensibilityGlobals) = postSolution
		SolutionGuid = {63E22DEE-52B2-47C9-AD60-92390388C190}
	EndGlobalSection
EndGlobal
